
Microsoft Visual Studio Solution File, Format Version 12.00
# Visual Studio Version 17
VisualStudioVersion = 17.14.36414.22 d17.14
MinimumVisualStudioVersion = 10.0.40219.1
Project("{FAE04EC0-301F-11D3-BF4B-00C04F79EFBC}") = "ServerAPP - RepositoresStrucutre - Example", "ServerAPP - RepositoresStrucutre - Example\ServerAPP - RepositoresStrucutre - Example.csproj", "{270122A9-BC52-4138-984B-50D60BF918DC}"
EndProject
Global
	GlobalSection(SolutionConfigurationPlatforms) = preSolution
		Debug|Any CPU = Debug|Any CPU
		Release|Any CPU = Release|Any CPU
	EndGlobalSection
	GlobalSection(ProjectConfigurationPlatforms) = postSolution
		{270122A9-BC52-4138-984B-50D60BF918DC}.Debug|Any CPU.ActiveCfg = Debug|Any CPU
		{270122A9-BC52-4138-984B-50D60BF918DC}.Debug|Any CPU.Build.0 = Debug|Any CPU
		{270122A9-BC52-4138-984B-50D60BF918DC}.Release|Any CPU.ActiveCfg = Release|Any CPU
		{270122A9-BC52-4138-984B-50D60BF918DC}.Release|Any CPU.Build.0 = Release|Any CPU
	EndGlobalSection
	GlobalSection(SolutionProperties) = preSolution
		HideSolutionNode = FALSE
	EndGlobalSection
	GlobalSection(ExtensibilityGlobals) = postSolution
		SolutionGuid = {350C63CE-B849-451A-B8E3-4DE9DC8D8E4C}
	EndGlobalSection
EndGlobal
